
Microsoft Visual Studio Solution File, Format Version 12.00
# Visual Studio Version 17
VisualStudioVersion = 17.11.35312.102
MinimumVisualStudioVersion = 10.0.40219.1
Project("{FAE04EC0-301F-11D3-BF4B-00C04F79EFBC}") = "MVC", "MVC\MVC.csproj", "{2CBE491C-7288-45FE-9AF6-108356114D03}"
EndProject
Project("{FAE04EC0-301F-11D3-BF4B-00C04F79EFBC}") = "BLL", "BLL\BLL.csproj", "{EAF238F0-6AF1-405E-B0DD-508B89347A30}"
EndProject
Global
	GlobalSection(SolutionConfigurationPlatforms) = preSolution
		Debug|Any CPU = Debug|Any CPU
		Release|Any CPU = Release|Any CPU
	EndGlobalSection
	GlobalSection(ProjectConfigurationPlatforms) = postSolution
		{2CBE491C-7288-45FE-9AF6-108356114D03}.Debug|Any CPU.ActiveCfg = Debug|Any CPU
		{2CBE491C-7288-45FE-9AF6-108356114D03}.Debug|Any CPU.Build.0 = Debug|Any CPU
		{2CBE491C-7288-45FE-9AF6-108356114D03}.Release|Any CPU.ActiveCfg = Release|Any CPU
		{2CBE491C-7288-45FE-9AF6-108356114D03}.Release|Any CPU.Build.0 = Release|Any CPU
		{EAF238F0-6AF1-405E-B0DD-508B89347A30}.Debug|Any CPU.ActiveCfg = Debug|Any CPU
		{EAF238F0-6AF1-405E-B0DD-508B89347A30}.Debug|Any CPU.Build.0 = Debug|Any CPU
		{EAF238F0-6AF1-405E-B0DD-508B89347A30}.Release|Any CPU.ActiveCfg = Release|Any CPU
		{EAF238F0-6AF1-405E-B0DD-508B89347A30}.Release|Any CPU.Build.0 = Release|Any CPU
	EndGlobalSection
	GlobalSection(SolutionProperties) = preSolution
		HideSolutionNode = FALSE
	EndGlobalSection
	GlobalSection(ExtensibilityGlobals) = postSolution
		SolutionGuid = {C352CDDC-C96A-4F1E-9017-37381C752D40}
	EndGlobalSection
EndGlobal
